// !$*UTF8*$!
{
	archiveVersion = 1;
	classes = {
	};
	objectVersion = 50;
	objects = {

/* Begin PBXBuildFile section */
		B7AE798A24EB811E000C69FC /* AppDelegate.swift in Sources */ = {isa = PBXBuildFile; fileRef = B7AE798924EB811E000C69FC /* AppDelegate.swift */; };
		B7AE798C24EB811E000C69FC /* SceneDelegate.swift in Sources */ = {isa = PBXBuildFile; fileRef = B7AE798B24EB811E000C69FC /* SceneDelegate.swift */; };
		B7AE799124EB811E000C69FC /* Main.storyboard in Resources */ = {isa = PBXBuildFile; fileRef = B7AE798F24EB811E000C69FC /* Main.storyboard */; };
		B7AE799324EB8120000C69FC /* Assets.xcassets in Resources */ = {isa = PBXBuildFile; fileRef = B7AE799224EB8120000C69FC /* Assets.xcassets */; };
		B7AE799624EB8120000C69FC /* LaunchScreen.storyboard in Resources */ = {isa = PBXBuildFile; fileRef = B7AE799424EB8120000C69FC /* LaunchScreen.storyboard */; };
		B7AE79A124EB83C7000C69FC /* AthleteModel.swift in Sources */ = {isa = PBXBuildFile; fileRef = B7AE79A024EB83C7000C69FC /* AthleteModel.swift */; };
		B7AE79A324EB8461000C69FC /* AthleteData.swift in Sources */ = {isa = PBXBuildFile; fileRef = B7AE79A224EB8461000C69FC /* AthleteData.swift */; };
		B7AE79A824EB863A000C69FC /* AthleteVC.swift in Sources */ = {isa = PBXBuildFile; fileRef = B7AE79A724EB863A000C69FC /* AthleteVC.swift */; };
		B7AE79AB24EB8A6A000C69FC /* Date+Extension.swift in Sources */ = {isa = PBXBuildFile; fileRef = B7AE79AA24EB8A6A000C69FC /* Date+Extension.swift */; };
/* End PBXBuildFile section */

/* Begin PBXFileReference section */
		B7AE798624EB811E000C69FC /* AthleteApp.app */ = {isa = PBXFileReference; explicitFileType = wrapper.application; includeInIndex = 0; path = AthleteApp.app; sourceTree = BUILT_PRODUCTS_DIR; };
		B7AE798924EB811E000C69FC /* AppDelegate.swift */ = {isa = PBXFileReference; lastKnownFileType = sourcecode.swift; path = AppDelegate.swift; sourceTree = "<group>"; };
		B7AE798B24EB811E000C69FC /* SceneDelegate.swift */ = {isa = PBXFileReference; lastKnownFileType = sourcecode.swift; path = SceneDelegate.swift; sourceTree = "<group>"; };
		B7AE799024EB811E000C69FC /* Base */ = {isa = PBXFileReference; lastKnownFileType = file.storyboard; name = Base; path = Base.lproj/Main.storyboard; sourceTree = "<group>"; };
		B7AE799224EB8120000C69FC /* Assets.xcassets */ = {isa = PBXFileReference; lastKnownFileType = folder.assetcatalog; path = Assets.xcassets; sourceTree = "<group>"; };
		B7AE799524EB8120000C69FC /* Base */ = {isa = PBXFileReference; lastKnownFileType = file.storyboard; name = Base; path = Base.lproj/LaunchScreen.storyboard; sourceTree = "<group>"; };
		B7AE799724EB8120000C69FC /* Info.plist */ = {isa = PBXFileReference; lastKnownFileType = text.plist.xml; path = Info.plist; sourceTree = "<group>"; };
		B7AE79A024EB83C7000C69FC /* AthleteModel.swift */ = {isa = PBXFileReference; lastKnownFileType = sourcecode.swift; path = AthleteModel.swift; sourceTree = "<group>"; };
		B7AE79A224EB8461000C69FC /* AthleteData.swift */ = {isa = PBXFileReference; lastKnownFileType = sourcecode.swift; path = AthleteData.swift; sourceTree = "<group>"; };
		B7AE79A724EB863A000C69FC /* AthleteVC.swift */ = {isa = PBXFileReference; lastKnownFileType = sourcecode.swift; path = AthleteVC.swift; sourceTree = "<group>"; };
		B7AE79AA24EB8A6A000C69FC /* Date+Extension.swift */ = {isa = PBXFileReference; lastKnownFileType = sourcecode.swift; path = "Date+Extension.swift"; sourceTree = "<group>"; };
/* End PBXFileReference section */

/* Begin PBXFrameworksBuildPhase section */
		B7AE798324EB811E000C69FC /* Frameworks */ = {
			isa = PBXFrameworksBuildPhase;
			buildActionMask = 2147483647;
			files = (
			);
			runOnlyForDeploymentPostprocessing = 0;
		};
/* End PBXFrameworksBuildPhase section */

/* Begin PBXGroup section */
		B7AE797D24EB811E000C69FC = {
			isa = PBXGroup;
			children = (
				B7AE798824EB811E000C69FC /* AthleteApp */,
				B7AE798724EB811E000C69FC /* Products */,
			);
			sourceTree = "<group>";
		};
		B7AE798724EB811E000C69FC /* Products */ = {
			isa = PBXGroup;
			children = (
				B7AE798624EB811E000C69FC /* AthleteApp.app */,
			);
			name = Products;
			sourceTree = "<group>";
		};
		B7AE798824EB811E000C69FC /* AthleteApp */ = {
			isa = PBXGroup;
			children = (
				B7AE798924EB811E000C69FC /* AppDelegate.swift */,
				B7AE798B24EB811E000C69FC /* SceneDelegate.swift */,
				B7AE79A924EB8A4D000C69FC /* Extension */,
				B7AE799F24EB839F000C69FC /* Data */,
				B7AE799E24EB8379000C69FC /* Model */,
				B7AE799D24EB828A000C69FC /* View */,
				B7AE79A424EB85E9000C69FC /* Controller */,
				B7AE799224EB8120000C69FC /* Assets.xcassets */,
				B7AE799424EB8120000C69FC /* LaunchScreen.storyboard */,
				B7AE799724EB8120000C69FC /* Info.plist */,
			);
			path = AthleteApp;
			sourceTree = "<group>";
		};
		B7AE799D24EB828A000C69FC /* View */ = {
			isa = PBXGroup;
			children = (
				B7AE798F24EB811E000C69FC /* Main.storyboard */,
			);
			path = View;
			sourceTree = "<group>";
		};
		B7AE799E24EB8379000C69FC /* Model */ = {
			isa = PBXGroup;
			children = (
				B7AE79A024EB83C7000C69FC /* AthleteModel.swift */,
			);
			path = Model;
			sourceTree = "<group>";
		};
		B7AE799F24EB839F000C69FC /* Data */ = {
			isa = PBXGroup;
			children = (
				B7AE79A224EB8461000C69FC /* AthleteData.swift */,
			);
			path = Data;
			sourceTree = "<group>";
		};
		B7AE79A424EB85E9000C69FC /* Controller */ = {
			isa = PBXGroup;
			children = (
				B7AE79A724EB863A000C69FC /* AthleteVC.swift */,
			);
			path = Controller;
			sourceTree = "<group>";
		};
		B7AE79A924EB8A4D000C69FC /* Extension */ = {
			isa = PBXGroup;
			children = (
				B7AE79AA24EB8A6A000C69FC /* Date+Extension.swift */,
			);
			path = Extension;
			sourceTree = "<group>";
		};
/* End PBXGroup section */

/* Begin PBXNativeTarget section */
		B7AE798524EB811E000C69FC /* AthleteApp */ = {
			isa = PBXNativeTarget;
			buildConfigurationList = B7AE799A24EB8120000C69FC /* Build configuration list for PBXNativeTarget "AthleteApp" */;
			buildPhases = (
				B7AE798224EB811E000C69FC /* Sources */,
				B7AE798324EB811E000C69FC /* Frameworks */,
				B7AE798424EB811E000C69FC /* Resources */,
			);
			buildRules = (
			);
			dependencies = (
			);
			name = AthleteApp;
			productName = AthleteApp;
			productReference = B7AE798624EB811E000C69FC /* AthleteApp.app */;
			productType = "com.apple.product-type.application";
		};
/* End PBXNativeTarget section */

/* Begin PBXProject section */
		B7AE797E24EB811E000C69FC /* Project object */ = {
			isa = PBXProject;
			attributes = {
				LastSwiftUpdateCheck = 1150;
				LastUpgradeCheck = 1150;
				ORGANIZATIONNAME = "Rohit Prajapati";
				TargetAttributes = {
					B7AE798524EB811E000C69FC = {
						CreatedOnToolsVersion = 11.5;
					};
				};
			};
			buildConfigurationList = B7AE798124EB811E000C69FC /* Build configuration list for PBXProject "AthleteApp" */;
			compatibilityVersion = "Xcode 9.3";
			developmentRegion = en;
			hasScannedForEncodings = 0;
			knownRegions = (
				en,
				Base,
			);
			mainGroup = B7AE797D24EB811E000C69FC;
			productRefGroup = B7AE798724EB811E000C69FC /* Products */;
			projectDirPath = "";
			projectRoot = "";
			targets = (
				B7AE798524EB811E000C69FC /* AthleteApp */,
			);
		};
/* End PBXProject section */

/* Begin PBXResourcesBuildPhase section */
		B7AE798424EB811E000C69FC /* Resources */ = {
			isa = PBXResourcesBuildPhase;
			buildActionMask = 2147483647;
			files = (
				B7AE799624EB8120000C69FC /* LaunchScreen.storyboard in Resources */,
				B7AE799324EB8120000C69FC /* Assets.xcassets in Resources */,
				B7AE799124EB811E000C69FC /* Main.storyboard in Resources */,
			);
			runOnlyForDeploymentPostprocessing = 0;
		};
/* End PBXResourcesBuildPhase section */

/* Begin PBXSourcesBuildPhase section */
		B7AE798224EB811E000C69FC /* Sources */ = {
			isa = PBXSourcesBuildPhase;
			buildActionMask = 2147483647;
			files = (
				B7AE79A124EB83C7000C69FC /* AthleteModel.swift in Sources */,
				B7AE79AB24EB8A6A000C69FC /* Date+Extension.swift in Sources */,
				B7AE79A324EB8461000C69FC /* AthleteData.swift in Sources */,
				B7AE79A824EB863A000C69FC /* AthleteVC.swift in Sources */,
				B7AE798A24EB811E000C69FC /* AppDelegate.swift in Sources */,
				B7AE798C24EB811E000C69FC /* SceneDelegate.swift in Sources */,
			);
			runOnlyForDeploymentPostprocessing = 0;
		};
/* End PBXSourcesBuildPhase section */

/* Begin PBXVariantGroup section */
		B7AE798F24EB811E000C69FC /* Main.storyboard */ = {
			isa = PBXVariantGroup;
			children = (
				B7AE799024EB811E000C69FC /* Base */,
			);
			name = Main.storyboard;
			sourceTree = "<group>";
		};
		B7AE799424EB8120000C69FC /* LaunchScreen.storyboard */ = {
			isa = PBXVariantGroup;
			children = (
				B7AE799524EB8120000C69FC /* Base */,
			);
			name = LaunchScreen.storyboard;
			sourceTree = "<group>";
		};
/* End PBXVariantGroup section */

/* Begin XCBuildConfiguration section */
		B7AE799824EB8120000C69FC /* Debug */ = {
			isa = XCBuildConfiguration;
			buildSettings = {
				ALWAYS_SEARCH_USER_PATHS = NO;
				CLANG_ANALYZER_NONNULL = YES;
				CLANG_ANALYZER_NUMBER_OBJECT_CONVERSION = YES_AGGRESSIVE;
				CLANG_CXX_LANGUAGE_STANDARD = "gnu++14";
				CLANG_CXX_LIBRARY = "libc++";
				CLANG_ENABLE_MODULES = YES;
				CLANG_ENABLE_OBJC_ARC = YES;
				CLANG_ENABLE_OBJC_WEAK = YES;
				CLANG_WARN_BLOCK_CAPTURE_AUTORELEASING = YES;
				CLANG_WARN_BOOL_CONVERSION = YES;
				CLANG_WARN_COMMA = YES;
				CLANG_WARN_CONSTANT_CONVERSION = YES;
				CLANG_WARN_DEPRECATED_OBJC_IMPLEMENTATIONS = YES;
				CLANG_WARN_DIRECT_OBJC_ISA_USAGE = YES_ERROR;
				CLANG_WARN_DOCUMENTATION_COMMENTS = YES;
				CLANG_WARN_EMPTY_BODY = YES;
				CLANG_WARN_ENUM_CONVERSION = YES;
				CLANG_WARN_INFINITE_RECURSION = YES;
				CLANG_WARN_INT_CONVERSION = YES;
				CLANG_WARN_NON_LITERAL_NULL_CONVERSION = YES;
				CLANG_WARN_OBJC_IMPLICIT_RETAIN_SELF = YES;
				CLANG_WARN_OBJC_LITERAL_CONVERSION = YES;
				CLANG_WARN_OBJC_ROOT_CLASS = YES_ERROR;
				CLANG_WARN_RANGE_LOOP_ANALYSIS = YES;
				CLANG_WARN_STRICT_PROTOTYPES = YES;
				CLANG_WARN_SUSPICIOUS_MOVE = YES;
				CLANG_WARN_UNGUARDED_AVAILABILITY = YES_AGGRESSIVE;
				CLANG_WARN_UNREACHABLE_CODE = YES;
				CLANG_WARN__DUPLICATE_METHOD_MATCH = YES;
				COPY_PHASE_STRIP = NO;
				DEBUG_INFORMATION_FORMAT = dwarf;
				ENABLE_STRICT_OBJC_MSGSEND = YES;
				ENABLE_TESTABILITY = YES;
				GCC_C_LANGUAGE_STANDARD = gnu11;
				GCC_DYNAMIC_NO_PIC = NO;
				GCC_NO_COMMON_BLOCKS = YES;
				GCC_OPTIMIZATION_LEVEL = 0;
				GCC_PREPROCESSOR_DEFINITIONS = (
					"DEBUG=1",
					"$(inherited)",
				);
				GCC_WARN_64_TO_32_BIT_CONVERSION = YES;
				GCC_WARN_ABOUT_RETURN_TYPE = YES_ERROR;
				GCC_WARN_UNDECLARED_SELECTOR = YES;
				GCC_WARN_UNINITIALIZED_AUTOS = YES_AGGRESSIVE;
				GCC_WARN_UNUSED_FUNCTION = YES;
				GCC_WARN_UNUSED_VARIABLE = YES;
				IPHONEOS_DEPLOYMENT_TARGET = 13.5;
				MTL_ENABLE_DEBUG_INFO = INCLUDE_SOURCE;
				MTL_FAST_MATH = YES;
				ONLY_ACTIVE_ARCH = YES;
				SDKROOT = iphoneos;
				SWIFT_ACTIVE_COMPILATION_CONDITIONS = DEBUG;
				SWIFT_OPTIMIZATION_LEVEL = "-Onone";
			};
			name = Debug;
		};
		B7AE799924EB8120000C69FC /* Release */ = {
			isa = XCBuildConfiguration;
			buildSettings = {
				ALWAYS_SEARCH_USER_PATHS = NO;
				CLANG_ANALYZER_NONNULL = YES;
				CLANG_ANALYZER_NUMBER_OBJECT_CONVERSION = YES_AGGRESSIVE;
				CLANG_CXX_LANGUAGE_STANDARD = "gnu++14";
				CLANG_CXX_LIBRARY = "libc++";
				CLANG_ENABLE_MODULES = YES;
				CLANG_ENABLE_OBJC_ARC = YES;
				CLANG_ENABLE_OBJC_WEAK = YES;
				CLANG_WARN_BLOCK_CAPTURE_AUTORELEASING = YES;
				CLANG_WARN_BOOL_CONVERSION = YES;
				CLANG_WARN_COMMA = YES;
				CLANG_WARN_CONSTANT_CONVERSION = YES;
				CLANG_WARN_DEPRECATED_OBJC_IMPLEMENTATIONS = YES;
				CLANG_WARN_DIRECT_OBJC_ISA_USAGE = YES_ERROR;
				CLANG_WARN_DOCUMENTATION_COMMENTS = YES;
				CLANG_WARN_EMPTY_BODY = YES;
				CLANG_WARN_ENUM_CONVERSION = YES;
				CLANG_WARN_INFINITE_RECURSION = YES;
				CLANG_WARN_INT_CONVERSION = YES;
				CLANG_WARN_NON_LITERAL_NULL_CONVERSION = YES;
				CLANG_WARN_OBJC_IMPLICIT_RETAIN_SELF = YES;
				CLANG_WARN_OBJC_LITERAL_CONVERSION = YES;
				CLANG_WARN_OBJC_ROOT_CLASS = YES_ERROR;
				CLANG_WARN_RANGE_LOOP_ANALYSIS = YES;
				CLANG_WARN_STRICT_PROTOTYPES = YES;
				CLANG_WARN_SUSPICIOUS_MOVE = YES;
				CLANG_WARN_UNGUARDED_AVAILABILITY = YES_AGGRESSIVE;
				CLANG_WARN_UNREACHABLE_CODE = YES;
				CLANG_WARN__DUPLICATE_METHOD_MATCH = YES;
				COPY_PHASE_STRIP = NO;
				DEBUG_INFORMATION_FORMAT = "dwarf-with-dsym";
				ENABLE_NS_ASSERTIONS = NO;
				ENABLE_STRICT_OBJC_MSGSEND = YES;
				GCC_C_LANGUAGE_STANDARD = gnu11;
				GCC_NO_COMMON_BLOCKS = YES;
				GCC_WARN_64_TO_32_BIT_CONVERSION = YES;
				GCC_WARN_ABOUT_RETURN_TYPE = YES_ERROR;
				GCC_WARN_UNDECLARED_SELECTOR = YES;
				GCC_WARN_UNINITIALIZED_AUTOS = YES_AGGRESSIVE;
				GCC_WARN_UNUSED_FUNCTION = YES;
				GCC_WARN_UNUSED_VARIABLE = YES;
				IPHONEOS_DEPLOYMENT_TARGET = 13.5;
				MTL_ENABLE_DEBUG_INFO = NO;
				MTL_FAST_MATH = YES;
				SDKROOT = iphoneos;
				SWIFT_COMPILATION_MODE = wholemodule;
				SWIFT_OPTIMIZATION_LEVEL = "-O";
				VALIDATE_PRODUCT = YES;
			};
			name = Release;
		};
		B7AE799B24EB8120000C69FC /* Debug */ = {
			isa = XCBuildConfiguration;
			buildSettings = {
				ASSETCATALOG_COMPILER_APPICON_NAME = AppIcon;
				CODE_SIGN_STYLE = Automatic;
				INFOPLIST_FILE = AthleteApp/Info.plist;
				LD_RUNPATH_SEARCH_PATHS = (
					"$(inherited)",
					"@executable_path/Frameworks",
				);
				PRODUCT_BUNDLE_IDENTIFIER = com.netsolutions.AthleteApp;
				PRODUCT_NAME = "$(TARGET_NAME)";
				SWIFT_VERSION = 5.0;
				TARGETED_DEVICE_FAMILY = "1,2";
			};
			name = Debug;
		};
		B7AE799C24EB8120000C69FC /* Release */ = {
			isa = XCBuildConfiguration;
			buildSettings = {
				ASSETCATALOG_COMPILER_APPICON_NAME = AppIcon;
				CODE_SIGN_STYLE = Automatic;
				INFOPLIST_FILE = AthleteApp/Info.plist;
				LD_RUNPATH_SEARCH_PATHS = (
					"$(inherited)",
					"@executable_path/Frameworks",
				);
				PRODUCT_BUNDLE_IDENTIFIER = com.netsolutions.AthleteApp;
				PRODUCT_NAME = "$(TARGET_NAME)";
				SWIFT_VERSION = 5.0;
				TARGETED_DEVICE_FAMILY = "1,2";
			};
			name = Release;
		};
/* End XCBuildConfiguration section */

/* Begin XCConfigurationList section */
		B7AE798124EB811E000C69FC /* Build configuration list for PBXProject "AthleteApp" */ = {
			isa = XCConfigurationList;
			buildConfigurations = (
				B7AE799824EB8120000C69FC /* Debug */,
				B7AE799924EB8120000C69FC /* Release */,
			);
			defaultConfigurationIsVisible = 0;
			defaultConfigurationName = Release;
		};
		B7AE799A24EB8120000C69FC /* Build configuration list for PBXNativeTarget "AthleteApp" */ = {
			isa = XCConfigurationList;
			buildConfigurations = (
				B7AE799B24EB8120000C69FC /* Debug */,
				B7AE799C24EB8120000C69FC /* Release */,
			);
			defaultConfigurationIsVisible = 0;
			defaultConfigurationName = Release;
		};
/* End XCConfigurationList section */
	};
	rootObject = B7AE797E24EB811E000C69FC /* Project object */;
}
